// !$*UTF8*$!
{
	archiveVersion = 1;
	classes = {
	};
	objectVersion = 46;
	objects = {

/* Begin PBXBuildFile section */
		2204C7F915E282BB00F71E15 /* ECAboutBoxController.h in Headers */ = {isa = PBXBuildFile; fileRef = 2204C7BD15E282BB00F71E15 /* ECAboutBoxController.h */; settings = {ATTRIBUTES = (Public, ); }; };
		2204C7FA15E282BB00F71E15 /* ECAboutBoxController.m in Sources */ = {isa = PBXBuildFile; fileRef = 2204C7BE15E282BB00F71E15 /* ECAboutBoxController.m */; };
		2204C7FB15E282BB00F71E15 /* ECAboutBoxInfoProvider.h in Headers */ = {isa = PBXBuildFile; fileRef = 2204C7BF15E282BB00F71E15 /* ECAboutBoxInfoProvider.h */; settings = {ATTRIBUTES = (Public, ); }; };
		2204C7FC15E282BB00F71E15 /* ECAppDelegate.h in Headers */ = {isa = PBXBuildFile; fileRef = 2204C7C015E282BB00F71E15 /* ECAppDelegate.h */; settings = {ATTRIBUTES = (Public, ); }; };
		2204C7FD15E282BB00F71E15 /* ECAppDelegate.m in Sources */ = {isa = PBXBuildFile; fileRef = 2204C7C115E282BB00F71E15 /* ECAppDelegate.m */; };
		2204C80015E282BB00F71E15 /* ECCompletionTextView.h in Headers */ = {isa = PBXBuildFile; fileRef = 2204C7C415E282BB00F71E15 /* ECCompletionTextView.h */; settings = {ATTRIBUTES = (Public, ); }; };
		2204C80115E282BB00F71E15 /* ECCompletionTextView.m in Sources */ = {isa = PBXBuildFile; fileRef = 2204C7C515E282BB00F71E15 /* ECCompletionTextView.m */; };
		2204C80215E282BB00F71E15 /* ECCompoundLicenseChecker.h in Headers */ = {isa = PBXBuildFile; fileRef = 2204C7C615E282BB00F71E15 /* ECCompoundLicenseChecker.h */; settings = {ATTRIBUTES = (Public, ); }; };
		2204C80315E282BB00F71E15 /* ECCompoundLicenseChecker.m in Sources */ = {isa = PBXBuildFile; fileRef = 2204C7C715E282BB00F71E15 /* ECCompoundLicenseChecker.m */; };
		2204C80615E282BB00F71E15 /* ECDraggableArrayController.h in Headers */ = {isa = PBXBuildFile; fileRef = 2204C7CA15E282BB00F71E15 /* ECDraggableArrayController.h */; settings = {ATTRIBUTES = (Public, ); }; };
		2204C80715E282BB00F71E15 /* ECDraggableArrayController.m in Sources */ = {isa = PBXBuildFile; fileRef = 2204C7CB15E282BB00F71E15 /* ECDraggableArrayController.m */; };
		2204C80815E282BB00F71E15 /* ECDraggableFileArrayController.h in Headers */ = {isa = PBXBuildFile; fileRef = 2204C7CC15E282BB00F71E15 /* ECDraggableFileArrayController.h */; settings = {ATTRIBUTES = (Public, ); }; };
		2204C80915E282BB00F71E15 /* ECDraggableFileArrayController.m in Sources */ = {isa = PBXBuildFile; fileRef = 2204C7CD15E282BB00F71E15 /* ECDraggableFileArrayController.m */; };
		2204C80A15E282BB00F71E15 /* ECFilledView.h in Headers */ = {isa = PBXBuildFile; fileRef = 2204C7CE15E282BB00F71E15 /* ECFilledView.h */; settings = {ATTRIBUTES = (Public, ); }; };
		2204C80B15E282BB00F71E15 /* ECFilledView.m in Sources */ = {isa = PBXBuildFile; fileRef = 2204C7CF15E282BB00F71E15 /* ECFilledView.m */; };
		2204C80C15E282BB00F71E15 /* ECGradientTextView.h in Headers */ = {isa = PBXBuildFile; fileRef = 2204C7D015E282BB00F71E15 /* ECGradientTextView.h */; settings = {ATTRIBUTES = (Public, ); }; };
		2204C80D15E282BB00F71E15 /* ECGradientTextView.m in Sources */ = {isa = PBXBuildFile; fileRef = 2204C7D115E282BB00F71E15 /* ECGradientTextView.m */; };
		2204C80E15E282BB00F71E15 /* ECIsEmptyTransformer.h in Headers */ = {isa = PBXBuildFile; fileRef = 2204C7D215E282BB00F71E15 /* ECIsEmptyTransformer.h */; settings = {ATTRIBUTES = (Public, ); }; };
		2204C80F15E282BB00F71E15 /* ECIsEmptyTransformer.m in Sources */ = {isa = PBXBuildFile; fileRef = 2204C7D315E282BB00F71E15 /* ECIsEmptyTransformer.m */; };
		2204C81015E282BB00F71E15 /* ECIsNotEmptyTransformer.h in Headers */ = {isa = PBXBuildFile; fileRef = 2204C7D415E282BB00F71E15 /* ECIsNotEmptyTransformer.h */; settings = {ATTRIBUTES = (Public, ); }; };
		2204C81115E282BB00F71E15 /* ECIsNotEmptyTransformer.m in Sources */ = {isa = PBXBuildFile; fileRef = 2204C7D515E282BB00F71E15 /* ECIsNotEmptyTransformer.m */; };
		2204C81215E282BB00F71E15 /* ECIsValueTransformer.h in Headers */ = {isa = PBXBuildFile; fileRef = 2204C7D615E282BB00F71E15 /* ECIsValueTransformer.h */; settings = {ATTRIBUTES = (Public, ); }; };
		2204C81315E282BB00F71E15 /* ECIsValueTransformer.m in Sources */ = {isa = PBXBuildFile; fileRef = 2204C7D715E282BB00F71E15 /* ECIsValueTransformer.m */; };
		2204C81415E282BB00F71E15 /* ECLegalFilenameFormatter.h in Headers */ = {isa = PBXBuildFile; fileRef = 2204C7D815E282BB00F71E15 /* ECLegalFilenameFormatter.h */; settings = {ATTRIBUTES = (Public, ); }; };
		2204C81515E282BB00F71E15 /* ECLegalFilenameFormatter.m in Sources */ = {isa = PBXBuildFile; fileRef = 2204C7D915E282BB00F71E15 /* ECLegalFilenameFormatter.m */; };
		2204C81615E282BB00F71E15 /* ECLicenseChecker.h in Headers */ = {isa = PBXBuildFile; fileRef = 2204C7DA15E282BB00F71E15 /* ECLicenseChecker.h */; settings = {ATTRIBUTES = (Public, ); }; };
		2204C81715E282BB00F71E15 /* ECLicenseChecker.m in Sources */ = {isa = PBXBuildFile; fileRef = 2204C7DB15E282BB00F71E15 /* ECLicenseChecker.m */; };
		2204C81815E282BB00F71E15 /* ECMacStore.h in Headers */ = {isa = PBXBuildFile; fileRef = 2204C7DC15E282BB00F71E15 /* ECMacStore.h */; settings = {ATTRIBUTES = (Public, ); }; };
		2204C81915E282BB00F71E15 /* ECMacStore.m in Sources */ = {isa = PBXBuildFile; fileRef = 2204C7DD15E282BB00F71E15 /* ECMacStore.m */; };
		2204C81A15E282BB00F71E15 /* ECMacStoreDifferentVersion.h in Headers */ = {isa = PBXBuildFile; fileRef = 2204C7DE15E282BB00F71E15 /* ECMacStoreDifferentVersion.h */; settings = {ATTRIBUTES = (Public, ); }; };
		2204C81B15E282BB00F71E15 /* ECMacStoreDifferentVersion.m in Sources */ = {isa = PBXBuildFile; fileRef = 2204C7DF15E282BB00F71E15 /* ECMacStoreDifferentVersion.m */; };
		2204C81C15E282BB00F71E15 /* ECMacStoreExact.h in Headers */ = {isa = PBXBuildFile; fileRef = 2204C7E015E282BB00F71E15 /* ECMacStoreExact.h */; settings = {ATTRIBUTES = (Public, ); }; };
		2204C81D15E282BB00F71E15 /* ECMacStoreExact.m in Sources */ = {isa = PBXBuildFile; fileRef = 2204C7E115E282BB00F71E15 /* ECMacStoreExact.m */; };
		2204C81E15E282BB00F71E15 /* ECMacStoreReceipt.h in Headers */ = {isa = PBXBuildFile; fileRef = 2204C7E215E282BB00F71E15 /* ECMacStoreReceipt.h */; settings = {ATTRIBUTES = (Public, ); }; };
		2204C81F15E282BB00F71E15 /* ECMacStoreReceipt.m in Sources */ = {isa = PBXBuildFile; fileRef = 2204C7E315E282BB00F71E15 /* ECMacStoreReceipt.m */; };
		2204C82015E282BB00F71E15 /* ECMacStoreSaved.h in Headers */ = {isa = PBXBuildFile; fileRef = 2204C7E415E282BB00F71E15 /* ECMacStoreSaved.h */; settings = {ATTRIBUTES = (Public, ); }; };
		2204C82115E282BB00F71E15 /* ECMacStoreSaved.m in Sources */ = {isa = PBXBuildFile; fileRef = 2204C7E515E282BB00F71E15 /* ECMacStoreSaved.m */; };
		2204C82215E282BB00F71E15 /* ECMacStoreTest.h in Headers */ = {isa = PBXBuildFile; fileRef = 2204C7E615E282BB00F71E15 /* ECMacStoreTest.h */; settings = {ATTRIBUTES = (Public, ); }; };
		2204C82315E282BB00F71E15 /* ECMacStoreTest.m in Sources */ = {isa = PBXBuildFile; fileRef = 2204C7E715E282BB00F71E15 /* ECMacStoreTest.m */; };
		2204C82415E282BB00F71E15 /* ECPreferencePanel.h in Headers */ = {isa = PBXBuildFile; fileRef = 2204C7E815E282BB00F71E15 /* ECPreferencePanel.h */; settings = {ATTRIBUTES = (Public, ); }; };
		2204C82515E282BB00F71E15 /* ECPreferencePanel.m in Sources */ = {isa = PBXBuildFile; fileRef = 2204C7E915E282BB00F71E15 /* ECPreferencePanel.m */; };
		2204C82615E282BB00F71E15 /* ECPreferencePaneProtocol.h in Headers */ = {isa = PBXBuildFile; fileRef = 2204C7EA15E282BB00F71E15 /* ECPreferencePaneProtocol.h */; settings = {ATTRIBUTES = (Public, ); }; };
		2204C82715E282BB00F71E15 /* ECPreferencesController.h in Headers */ = {isa = PBXBuildFile; fileRef = 2204C7EB15E282BB00F71E15 /* ECPreferencesController.h */; settings = {ATTRIBUTES = (Public, ); }; };
		2204C82815E282BB00F71E15 /* ECPreferencesController.m in Sources */ = {isa = PBXBuildFile; fileRef = 2204C7EC15E282BB00F71E15 /* ECPreferencesController.m */; };
		2204C82915E282BB00F71E15 /* ECRoundedImageCell.h in Headers */ = {isa = PBXBuildFile; fileRef = 2204C7ED15E282BB00F71E15 /* ECRoundedImageCell.h */; settings = {ATTRIBUTES = (Public, ); }; };
		2204C82A15E282BB00F71E15 /* ECRoundedImageCell.m in Sources */ = {isa = PBXBuildFile; fileRef = 2204C7EE15E282BB00F71E15 /* ECRoundedImageCell.m */; };
		2204C82B15E282BB00F71E15 /* ECRoundedView.h in Headers */ = {isa = PBXBuildFile; fileRef = 2204C7EF15E282BB00F71E15 /* ECRoundedView.h */; settings = {ATTRIBUTES = (Public, ); }; };
		2204C82C15E282BB00F71E15 /* ECRoundedView.m in Sources */ = {isa = PBXBuildFile; fileRef = 2204C7F015E282BB00F71E15 /* ECRoundedView.m */; };
		2204C82D15E282BB00F71E15 /* ECSparklePreferenceController.h in Headers */ = {isa = PBXBuildFile; fileRef = 2204C7F115E282BB00F71E15 /* ECSparklePreferenceController.h */; settings = {ATTRIBUTES = (Public, ); }; };
		2204C82E15E282BB00F71E15 /* ECSparklePreferenceController.m in Sources */ = {isa = PBXBuildFile; fileRef = 2204C7F215E282BB00F71E15 /* ECSparklePreferenceController.m */; };
		2204C82F15E282BB00F71E15 /* ECTextFieldCell.h in Headers */ = {isa = PBXBuildFile; fileRef = 2204C7F315E282BB00F71E15 /* ECTextFieldCell.h */; settings = {ATTRIBUTES = (Public, ); }; };
		2204C83015E282BB00F71E15 /* ECTextFieldCell.m in Sources */ = {isa = PBXBuildFile; fileRef = 2204C7F415E282BB00F71E15 /* ECTextFieldCell.m */; };
		2204C83115E282BB00F71E15 /* ECTransparentWindow.h in Headers */ = {isa = PBXBuildFile; fileRef = 2204C7F515E282BB00F71E15 /* ECTransparentWindow.h */; settings = {ATTRIBUTES = (Public, ); }; };
		2204C83215E282BB00F71E15 /* ECTransparentWindow.m in Sources */ = {isa = PBXBuildFile; fileRef = 2204C7F615E282BB00F71E15 /* ECTransparentWindow.m */; };
		2204C83315E282BB00F71E15 /* ECWhiteBorderButtonCell.h in Headers */ = {isa = PBXBuildFile; fileRef = 2204C7F715E282BB00F71E15 /* ECWhiteBorderButtonCell.h */; settings = {ATTRIBUTES = (Public, ); }; };
		2204C83415E282BB00F71E15 /* ECWhiteBorderButtonCell.m in Sources */ = {isa = PBXBuildFile; fileRef = 2204C7F815E282BB00F71E15 /* ECWhiteBorderButtonCell.m */; };
		2227BD1F15E4EF9F001DCE0D /* ECPreferencePane.xcconfig in Resources */ = {isa = PBXBuildFile; fileRef = 2227BD1E15E4EF9F001DCE0D /* ECPreferencePane.xcconfig */; };
		2260A2EA15DFD7290057C9DA /* Cocoa.framework in Frameworks */ = {isa = PBXBuildFile; fileRef = 2283A3BB14F52E93009142F7 /* Cocoa.framework */; };
		2260A39A15DFE2DD0057C9DA /* ECConfig.framework in Frameworks */ = {isa = PBXBuildFile; fileRef = 2260A39715DFE2DC0057C9DA /* ECConfig.framework */; };
		2260A39B15DFE2DD0057C9DA /* ECLogging.framework in Frameworks */ = {isa = PBXBuildFile; fileRef = 2260A39815DFE2DD0057C9DA /* ECLogging.framework */; };
		2260A39C15DFE2DD0057C9DA /* Security.framework in Frameworks */ = {isa = PBXBuildFile; fileRef = 2260A39915DFE2DD0057C9DA /* Security.framework */; };
		2260A39E15DFE2F00057C9DA /* IOKit.framework in Frameworks */ = {isa = PBXBuildFile; fileRef = 2260A39D15DFE2F00057C9DA /* IOKit.framework */; };
		2260A3A015DFE6860057C9DA /* ECAppKit.framework in Frameworks */ = {isa = PBXBuildFile; fileRef = 2260A2E915DFD7290057C9DA /* ECAppKit.framework */; };
		2260A3A115DFE6860057C9DA /* ECConfig.framework in Frameworks */ = {isa = PBXBuildFile; fileRef = 2260A39715DFE2DC0057C9DA /* ECConfig.framework */; };
		2260A3A215DFE6860057C9DA /* ECLogging.framework in Frameworks */ = {isa = PBXBuildFile; fileRef = 2260A39815DFE2DD0057C9DA /* ECLogging.framework */; };
		2260A3A415DFE6870057C9DA /* ECUnitTests.framework in Frameworks */ = {isa = PBXBuildFile; fileRef = 2260A3A315DFE6860057C9DA /* ECUnitTests.framework */; };
		2283A3F614F52EC0009142F7 /* SenTestingKit.framework in Frameworks */ = {isa = PBXBuildFile; fileRef = 2283A3CD14F52E93009142F7 /* SenTestingKit.framework */; };
		2283A3F714F52EC0009142F7 /* Cocoa.framework in Frameworks */ = {isa = PBXBuildFile; fileRef = 2283A3BB14F52E93009142F7 /* Cocoa.framework */; };
		22C2DB5614FB98CB005D2E89 /* IOKit.framework in Frameworks */ = {isa = PBXBuildFile; fileRef = 22C2DB5514FB98CB005D2E89 /* IOKit.framework */; };
		22C2DB5714FB98D7005D2E89 /* Security.framework in Frameworks */ = {isa = PBXBuildFile; fileRef = 22C2DB5114FB98AA005D2E89 /* Security.framework */; };
		22C2DB5E14FB9ADC005D2E89 /* Test.bundle in Resources */ = {isa = PBXBuildFile; fileRef = 22C2DB5D14FB9ADC005D2E89 /* Test.bundle */; };
		22E85D8515E42E7C00E67F50 /* libcrypto.dylib in Frameworks */ = {isa = PBXBuildFile; fileRef = 22E85D8415E42E7C00E67F50 /* libcrypto.dylib */; };
		22E85D8715E42E8900E67F50 /* ECCore.framework in Frameworks */ = {isa = PBXBuildFile; fileRef = 22E85D8615E42E8900E67F50 /* ECCore.framework */; };
		22E85D8915E42F6D00E67F50 /* ECAppKit.h in Headers */ = {isa = PBXBuildFile; fileRef = 22E85D8815E42F6C00E67F50 /* ECAppKit.h */; settings = {ATTRIBUTES = (Public, ); }; };
		22E85D9715E43BB400E67F50 /* ECAboutBox.xib in Resources */ = {isa = PBXBuildFile; fileRef = 22E85D9515E43BB400E67F50 /* ECAboutBox.xib */; };
		22E85D9915E43BC200E67F50 /* finder support.scpt in Resources */ = {isa = PBXBuildFile; fileRef = 22E85D9815E43BC200E67F50 /* finder support.scpt */; };
/* End PBXBuildFile section */

/* Begin PBXContainerItemProxy section */
		2260A3C315DFF7370057C9DA /* PBXContainerItemProxy */ = {
			isa = PBXContainerItemProxy;
			containerPortal = 0867D690FE84028FC02AAC07 /* Project object */;
			proxyType = 1;
			remoteGlobalIDString = 2260A2E815DFD7290057C9DA;
			remoteInfo = ECCoreMac;
		};
/* End PBXContainerItemProxy section */

/* Begin PBXFileReference section */
		0867D69BFE84028FC02AAC07 /* Foundation.framework */ = {isa = PBXFileReference; lastKnownFileType = wrapper.framework; name = Foundation.framework; path = /System/Library/Frameworks/Foundation.framework; sourceTree = "<absolute>"; };
		1058C7B1FEA5585E11CA2CBB /* Cocoa.framework */ = {isa = PBXFileReference; lastKnownFileType = wrapper.framework; name = Cocoa.framework; path = /System/Library/Frameworks/Cocoa.framework; sourceTree = "<absolute>"; };
		2204C7BD15E282BB00F71E15 /* ECAboutBoxController.h */ = {isa = PBXFileReference; fileEncoding = 4; lastKnownFileType = sourcecode.c.h; path = ECAboutBoxController.h; sourceTree = "<group>"; };
		2204C7BE15E282BB00F71E15 /* ECAboutBoxController.m */ = {isa = PBXFileReference; fileEncoding = 4; lastKnownFileType = sourcecode.c.objc; path = ECAboutBoxController.m; sourceTree = "<group>"; };
		2204C7BF15E282BB00F71E15 /* ECAboutBoxInfoProvider.h */ = {isa = PBXFileReference; fileEncoding = 4; lastKnownFileType = sourcecode.c.h; path = ECAboutBoxInfoProvider.h; sourceTree = "<group>"; };
		2204C7C015E282BB00F71E15 /* ECAppDelegate.h */ = {isa = PBXFileReference; fileEncoding = 4; lastKnownFileType = sourcecode.c.h; path = ECAppDelegate.h; sourceTree = "<group>"; };
		2204C7C115E282BB00F71E15 /* ECAppDelegate.m */ = {isa = PBXFileReference; fileEncoding = 4; lastKnownFileType = sourcecode.c.objc; path = ECAppDelegate.m; sourceTree = "<group>"; };
		2204C7C215E282BB00F71E15 /* ECAquaticPrime.h */ = {isa = PBXFileReference; fileEncoding = 4; lastKnownFileType = sourcecode.c.h; path = ECAquaticPrime.h; sourceTree = "<group>"; };
		2204C7C315E282BB00F71E15 /* ECAquaticPrime.m */ = {isa = PBXFileReference; fileEncoding = 4; lastKnownFileType = sourcecode.c.objc; path = ECAquaticPrime.m; sourceTree = "<group>"; };
		2204C7C415E282BB00F71E15 /* ECCompletionTextView.h */ = {isa = PBXFileReference; fileEncoding = 4; lastKnownFileType = sourcecode.c.h; path = ECCompletionTextView.h; sourceTree = "<group>"; };
		2204C7C515E282BB00F71E15 /* ECCompletionTextView.m */ = {isa = PBXFileReference; fileEncoding = 4; lastKnownFileType = sourcecode.c.objc; path = ECCompletionTextView.m; sourceTree = "<group>"; };
		2204C7C615E282BB00F71E15 /* ECCompoundLicenseChecker.h */ = {isa = PBXFileReference; fileEncoding = 4; lastKnownFileType = sourcecode.c.h; path = ECCompoundLicenseChecker.h; sourceTree = "<group>"; };
		2204C7C715E282BB00F71E15 /* ECCompoundLicenseChecker.m */ = {isa = PBXFileReference; fileEncoding = 4; lastKnownFileType = sourcecode.c.objc; path = ECCompoundLicenseChecker.m; sourceTree = "<group>"; };
		2204C7C815E282BB00F71E15 /* ECDebugMenu.h */ = {isa = PBXFileReference; fileEncoding = 4; lastKnownFileType = sourcecode.c.h; path = ECDebugMenu.h; sourceTree = "<group>"; };
		2204C7C915E282BB00F71E15 /* ECDebugMenu.m */ = {isa = PBXFileReference; fileEncoding = 4; lastKnownFileType = sourcecode.c.objc; path = ECDebugMenu.m; sourceTree = "<group>"; };
		2204C7CA15E282BB00F71E15 /* ECDraggableArrayController.h */ = {isa = PBXFileReference; fileEncoding = 4; lastKnownFileType = sourcecode.c.h; path = ECDraggableArrayController.h; sourceTree = "<group>"; };
		2204C7CB15E282BB00F71E15 /* ECDraggableArrayController.m */ = {isa = PBXFileReference; fileEncoding = 4; lastKnownFileType = sourcecode.c.objc; path = ECDraggableArrayController.m; sourceTree = "<group>"; };
		2204C7CC15E282BB00F71E15 /* ECDraggableFileArrayController.h */ = {isa = PBXFileReference; fileEncoding = 4; lastKnownFileType = sourcecode.c.h; path = ECDraggableFileArrayController.h; sourceTree = "<group>"; };
		2204C7CD15E282BB00F71E15 /* ECDraggableFileArrayController.m */ = {isa = PBXFileReference; fileEncoding = 4; lastKnownFileType = sourcecode.c.objc; path = ECDraggableFileArrayController.m; sourceTree = "<group>"; };
		2204C7CE15E282BB00F71E15 /* ECFilledView.h */ = {isa = PBXFileReference; fileEncoding = 4; lastKnownFileType = sourcecode.c.h; path = ECFilledView.h; sourceTree = "<group>"; };
		2204C7CF15E282BB00F71E15 /* ECFilledView.m */ = {isa = PBXFileReference; fileEncoding = 4; lastKnownFileType = sourcecode.c.objc; path = ECFilledView.m; sourceTree = "<group>"; };
		2204C7D015E282BB00F71E15 /* ECGradientTextView.h */ = {isa = PBXFileReference; fileEncoding = 4; lastKnownFileType = sourcecode.c.h; path = ECGradientTextView.h; sourceTree = "<group>"; };
		2204C7D115E282BB00F71E15 /* ECGradientTextView.m */ = {isa = PBXFileReference; fileEncoding = 4; lastKnownFileType = sourcecode.c.objc; path = ECGradientTextView.m; sourceTree = "<group>"; };
		2204C7D215E282BB00F71E15 /* ECIsEmptyTransformer.h */ = {isa = PBXFileReference; fileEncoding = 4; lastKnownFileType = sourcecode.c.h; path = ECIsEmptyTransformer.h; sourceTree = "<group>"; };
		2204C7D315E282BB00F71E15 /* ECIsEmptyTransformer.m */ = {isa = PBXFileReference; fileEncoding = 4; lastKnownFileType = sourcecode.c.objc; path = ECIsEmptyTransformer.m; sourceTree = "<group>"; };
		2204C7D415E282BB00F71E15 /* ECIsNotEmptyTransformer.h */ = {isa = PBXFileReference; fileEncoding = 4; lastKnownFileType = sourcecode.c.h; path = ECIsNotEmptyTransformer.h; sourceTree = "<group>"; };
		2204C7D515E282BB00F71E15 /* ECIsNotEmptyTransformer.m */ = {isa = PBXFileReference; fileEncoding = 4; lastKnownFileType = sourcecode.c.objc; path = ECIsNotEmptyTransformer.m; sourceTree = "<group>"; };
		2204C7D615E282BB00F71E15 /* ECIsValueTransformer.h */ = {isa = PBXFileReference; fileEncoding = 4; lastKnownFileType = sourcecode.c.h; path = ECIsValueTransformer.h; sourceTree = "<group>"; };
		2204C7D715E282BB00F71E15 /* ECIsValueTransformer.m */ = {isa = PBXFileReference; fileEncoding = 4; lastKnownFileType = sourcecode.c.objc; path = ECIsValueTransformer.m; sourceTree = "<group>"; };
		2204C7D815E282BB00F71E15 /* ECLegalFilenameFormatter.h */ = {isa = PBXFileReference; fileEncoding = 4; lastKnownFileType = sourcecode.c.h; path = ECLegalFilenameFormatter.h; sourceTree = "<group>"; };
		2204C7D915E282BB00F71E15 /* ECLegalFilenameFormatter.m */ = {isa = PBXFileReference; fileEncoding = 4; lastKnownFileType = sourcecode.c.objc; path = ECLegalFilenameFormatter.m; sourceTree = "<group>"; };
		2204C7DA15E282BB00F71E15 /* ECLicenseChecker.h */ = {isa = PBXFileReference; fileEncoding = 4; lastKnownFileType = sourcecode.c.h; path = ECLicenseChecker.h; sourceTree = "<group>"; };
		2204C7DB15E282BB00F71E15 /* ECLicenseChecker.m */ = {isa = PBXFileReference; fileEncoding = 4; lastKnownFileType = sourcecode.c.objc; path = ECLicenseChecker.m; sourceTree = "<group>"; };
		2204C7DC15E282BB00F71E15 /* ECMacStore.h */ = {isa = PBXFileReference; fileEncoding = 4; lastKnownFileType = sourcecode.c.h; path = ECMacStore.h; sourceTree = "<group>"; };
		2204C7DD15E282BB00F71E15 /* ECMacStore.m */ = {isa = PBXFileReference; fileEncoding = 4; lastKnownFileType = sourcecode.c.objc; path = ECMacStore.m; sourceTree = "<group>"; };
		2204C7DE15E282BB00F71E15 /* ECMacStoreDifferentVersion.h */ = {isa = PBXFileReference; fileEncoding = 4; lastKnownFileType = sourcecode.c.h; path = ECMacStoreDifferentVersion.h; sourceTree = "<group>"; };
		2204C7DF15E282BB00F71E15 /* ECMacStoreDifferentVersion.m */ = {isa = PBXFileReference; fileEncoding = 4; lastKnownFileType = sourcecode.c.objc; path = ECMacStoreDifferentVersion.m; sourceTree = "<group>"; };
		2204C7E015E282BB00F71E15 /* ECMacStoreExact.h */ = {isa = PBXFileReference; fileEncoding = 4; lastKnownFileType = sourcecode.c.h; path = ECMacStoreExact.h; sourceTree = "<group>"; };
		2204C7E115E282BB00F71E15 /* ECMacStoreExact.m */ = {isa = PBXFileReference; fileEncoding = 4; lastKnownFileType = sourcecode.c.objc; path = ECMacStoreExact.m; sourceTree = "<group>"; };
		2204C7E215E282BB00F71E15 /* ECMacStoreReceipt.h */ = {isa = PBXFileReference; fileEncoding = 4; lastKnownFileType = sourcecode.c.h; path = ECMacStoreReceipt.h; sourceTree = "<group>"; };
		2204C7E315E282BB00F71E15 /* ECMacStoreReceipt.m */ = {isa = PBXFileReference; fileEncoding = 4; lastKnownFileType = sourcecode.c.objc; path = ECMacStoreReceipt.m; sourceTree = "<group>"; };
		2204C7E415E282BB00F71E15 /* ECMacStoreSaved.h */ = {isa = PBXFileReference; fileEncoding = 4; lastKnownFileType = sourcecode.c.h; path = ECMacStoreSaved.h; sourceTree = "<group>"; };
		2204C7E515E282BB00F71E15 /* ECMacStoreSaved.m */ = {isa = PBXFileReference; fileEncoding = 4; lastKnownFileType = sourcecode.c.objc; path = ECMacStoreSaved.m; sourceTree = "<group>"; };
		2204C7E615E282BB00F71E15 /* ECMacStoreTest.h */ = {isa = PBXFileReference; fileEncoding = 4; lastKnownFileType = sourcecode.c.h; path = ECMacStoreTest.h; sourceTree = "<group>"; };
		2204C7E715E282BB00F71E15 /* ECMacStoreTest.m */ = {isa = PBXFileReference; fileEncoding = 4; lastKnownFileType = sourcecode.c.objc; path = ECMacStoreTest.m; sourceTree = "<group>"; };
		2204C7E815E282BB00F71E15 /* ECPreferencePanel.h */ = {isa = PBXFileReference; fileEncoding = 4; lastKnownFileType = sourcecode.c.h; path = ECPreferencePanel.h; sourceTree = "<group>"; };
		2204C7E915E282BB00F71E15 /* ECPreferencePanel.m */ = {isa = PBXFileReference; fileEncoding = 4; lastKnownFileType = sourcecode.c.objc; path = ECPreferencePanel.m; sourceTree = "<group>"; };
		2204C7EA15E282BB00F71E15 /* ECPreferencePaneProtocol.h */ = {isa = PBXFileReference; fileEncoding = 4; lastKnownFileType = sourcecode.c.h; path = ECPreferencePaneProtocol.h; sourceTree = "<group>"; };
		2204C7EB15E282BB00F71E15 /* ECPreferencesController.h */ = {isa = PBXFileReference; fileEncoding = 4; lastKnownFileType = sourcecode.c.h; path = ECPreferencesController.h; sourceTree = "<group>"; };
		2204C7EC15E282BB00F71E15 /* ECPreferencesController.m */ = {isa = PBXFileReference; fileEncoding = 4; lastKnownFileType = sourcecode.c.objc; path = ECPreferencesController.m; sourceTree = "<group>"; };
		2204C7ED15E282BB00F71E15 /* ECRoundedImageCell.h */ = {isa = PBXFileReference; fileEncoding = 4; lastKnownFileType = sourcecode.c.h; path = ECRoundedImageCell.h; sourceTree = "<group>"; };
		2204C7EE15E282BB00F71E15 /* ECRoundedImageCell.m */ = {isa = PBXFileReference; fileEncoding = 4; lastKnownFileType = sourcecode.c.objc; path = ECRoundedImageCell.m; sourceTree = "<group>"; };
		2204C7EF15E282BB00F71E15 /* ECRoundedView.h */ = {isa = PBXFileReference; fileEncoding = 4; lastKnownFileType = sourcecode.c.h; path = ECRoundedView.h; sourceTree = "<group>"; };
		2204C7F015E282BB00F71E15 /* ECRoundedView.m */ = {isa = PBXFileReference; fileEncoding = 4; lastKnownFileType = sourcecode.c.objc; path = ECRoundedView.m; sourceTree = "<group>"; };
		2204C7F115E282BB00F71E15 /* ECSparklePreferenceController.h */ = {isa = PBXFileReference; fileEncoding = 4; lastKnownFileType = sourcecode.c.h; path = ECSparklePreferenceController.h; sourceTree = "<group>"; };
		2204C7F215E282BB00F71E15 /* ECSparklePreferenceController.m */ = {isa = PBXFileReference; fileEncoding = 4; lastKnownFileType = sourcecode.c.objc; path = ECSparklePreferenceController.m; sourceTree = "<group>"; };
		2204C7F315E282BB00F71E15 /* ECTextFieldCell.h */ = {isa = PBXFileReference; fileEncoding = 4; lastKnownFileType = sourcecode.c.h; path = ECTextFieldCell.h; sourceTree = "<group>"; };
		2204C7F415E282BB00F71E15 /* ECTextFieldCell.m */ = {isa = PBXFileReference; fileEncoding = 4; lastKnownFileType = sourcecode.c.objc; path = ECTextFieldCell.m; sourceTree = "<group>"; };
		2204C7F515E282BB00F71E15 /* ECTransparentWindow.h */ = {isa = PBXFileReference; fileEncoding = 4; lastKnownFileType = sourcecode.c.h; path = ECTransparentWindow.h; sourceTree = "<group>"; };
		2204C7F615E282BB00F71E15 /* ECTransparentWindow.m */ = {isa = PBXFileReference; fileEncoding = 4; lastKnownFileType = sourcecode.c.objc; path = ECTransparentWindow.m; sourceTree = "<group>"; };
		2204C7F715E282BB00F71E15 /* ECWhiteBorderButtonCell.h */ = {isa = PBXFileReference; fileEncoding = 4; lastKnownFileType = sourcecode.c.h; path = ECWhiteBorderButtonCell.h; sourceTree = "<group>"; };
		2204C7F815E282BB00F71E15 /* ECWhiteBorderButtonCell.m */ = {isa = PBXFileReference; fileEncoding = 4; lastKnownFileType = sourcecode.c.objc; path = ECWhiteBorderButtonCell.m; sourceTree = "<group>"; };
		221662E914FB9315009B975D /* ECCoreTests.plist */ = {isa = PBXFileReference; fileEncoding = 4; lastKnownFileType = text.plist.xml; name = ECCoreTests.plist; path = Resources/Tests/ECCoreTests.plist; sourceTree = SOURCE_ROOT; };
		2227BD1E15E4EF9F001DCE0D /* ECPreferencePane.xcconfig */ = {isa = PBXFileReference; fileEncoding = 4; lastKnownFileType = text.xcconfig; path = ECPreferencePane.xcconfig; sourceTree = "<group>"; };
		2229674F1354EDC5005F42E7 /* CoreFoundation.framework */ = {isa = PBXFileReference; lastKnownFileType = wrapper.framework; name = CoreFoundation.framework; path = System/Library/Frameworks/CoreFoundation.framework; sourceTree = SDKROOT; };
		223CBAE61205C6380008A641 /* Foundation.framework */ = {isa = PBXFileReference; lastKnownFileType = wrapper.framework; name = Foundation.framework; path = System/Library/Frameworks/Foundation.framework; sourceTree = SDKROOT; };
		22552BC7134B9E5300B8894E /* UIKit.framework */ = {isa = PBXFileReference; lastKnownFileType = wrapper.framework; name = UIKit.framework; path = System/Library/Frameworks/UIKit.framework; sourceTree = SDKROOT; };
		22552BC9134B9E5300B8894E /* Foundation.framework */ = {isa = PBXFileReference; lastKnownFileType = wrapper.framework; name = Foundation.framework; path = System/Library/Frameworks/Foundation.framework; sourceTree = SDKROOT; };
		22552BCB134B9E5300B8894E /* CoreGraphics.framework */ = {isa = PBXFileReference; lastKnownFileType = wrapper.framework; name = CoreGraphics.framework; path = System/Library/Frameworks/CoreGraphics.framework; sourceTree = SDKROOT; };
		22552BE6134BA0C900B8894E /* CoreLocation.framework */ = {isa = PBXFileReference; lastKnownFileType = wrapper.framework; name = CoreLocation.framework; path = Platforms/iPhoneOS.platform/Developer/SDKs/iPhoneOS4.3.sdk/System/Library/Frameworks/CoreLocation.framework; sourceTree = DEVELOPER_DIR; };
		22552C12134BA18A00B8894E /* CoreLocation.framework */ = {isa = PBXFileReference; lastKnownFileType = wrapper.framework; name = CoreLocation.framework; path = SDKs/MacOSX10.6.sdk/System/Library/Frameworks/CoreLocation.framework; sourceTree = DEVELOPER_DIR; };
		22602234141F8A160044644C /* Carbon.framework */ = {isa = PBXFileReference; lastKnownFileType = wrapper.framework; name = Carbon.framework; path = SDKs/MacOSX10.7.sdk/System/Library/Frameworks/Carbon.framework; sourceTree = DEVELOPER_DIR; };
		22602236141F8A230044644C /* IOKit.framework */ = {isa = PBXFileReference; lastKnownFileType = wrapper.framework; name = IOKit.framework; path = SDKs/MacOSX10.7.sdk/System/Library/Frameworks/IOKit.framework; sourceTree = DEVELOPER_DIR; };
		22602238141F8A460044644C /* Security.framework */ = {isa = PBXFileReference; lastKnownFileType = wrapper.framework; name = Security.framework; path = SDKs/MacOSX10.7.sdk/System/Library/Frameworks/Security.framework; sourceTree = DEVELOPER_DIR; };
		2260223A141F8A4E0044644C /* libcrypto.dylib */ = {isa = PBXFileReference; lastKnownFileType = "compiled.mach-o.dylib"; name = libcrypto.dylib; path = SDKs/MacOSX10.7.sdk/usr/lib/libcrypto.dylib; sourceTree = DEVELOPER_DIR; };
		2260A2E915DFD7290057C9DA /* ECAppKit.framework */ = {isa = PBXFileReference; explicitFileType = wrapper.framework; includeInIndex = 0; path = ECAppKit.framework; sourceTree = BUILT_PRODUCTS_DIR; };
		2260A2FE15DFD7320057C9DA /* CoreFoundation.framework */ = {isa = PBXFileReference; lastKnownFileType = wrapper.framework; name = CoreFoundation.framework; path = System/Library/Frameworks/CoreFoundation.framework; sourceTree = SDKROOT; };
		2260A31015DFD96D0057C9DA /* MacDebug.xcconfig */ = {isa = PBXFileReference; lastKnownFileType = text.xcconfig; path = MacDebug.xcconfig; sourceTree = "<group>"; };
		2260A31115DFD96D0057C9DA /* MacRelease.xcconfig */ = {isa = PBXFileReference; lastKnownFileType = text.xcconfig; path = MacRelease.xcconfig; sourceTree = "<group>"; };
		2260A31215DFD96D0057C9DA /* MacUnitTestDebug.xcconfig */ = {isa = PBXFileReference; lastKnownFileType = text.xcconfig; path = MacUnitTestDebug.xcconfig; sourceTree = "<group>"; };
		2260A31315DFD96D0057C9DA /* MacUnitTestRelease.xcconfig */ = {isa = PBXFileReference; lastKnownFileType = text.xcconfig; path = MacUnitTestRelease.xcconfig; sourceTree = "<group>"; };
		2260A39615DFDC600057C9DA /* Shared.xcconfig */ = {isa = PBXFileReference; lastKnownFileType = text.xcconfig; path = Shared.xcconfig; sourceTree = "<group>"; };
		2260A39715DFE2DC0057C9DA /* ECConfig.framework */ = {isa = PBXFileReference; lastKnownFileType = wrapper.framework; name = ECConfig.framework; path = "/Caches/DerivedData/ECCore-hiysxjmtcntpjqfceiihpzpvphke/Build/Products/Debug/ECConfig.framework"; sourceTree = "<absolute>"; };
		2260A39815DFE2DD0057C9DA /* ECLogging.framework */ = {isa = PBXFileReference; lastKnownFileType = wrapper.framework; name = ECLogging.framework; path = "/Caches/DerivedData/ECCore-hiysxjmtcntpjqfceiihpzpvphke/Build/Products/Debug/ECLogging.framework"; sourceTree = "<absolute>"; };
		2260A39915DFE2DD0057C9DA /* Security.framework */ = {isa = PBXFileReference; lastKnownFileType = wrapper.framework; name = Security.framework; path = Platforms/MacOSX.platform/Developer/SDKs/MacOSX10.8.sdk/System/Library/Frameworks/Security.framework; sourceTree = DEVELOPER_DIR; };
		2260A39D15DFE2F00057C9DA /* IOKit.framework */ = {isa = PBXFileReference; lastKnownFileType = wrapper.framework; name = IOKit.framework; path = Platforms/MacOSX.platform/Developer/SDKs/MacOSX10.8.sdk/System/Library/Frameworks/IOKit.framework; sourceTree = DEVELOPER_DIR; };
		2260A3A315DFE6860057C9DA /* ECUnitTests.framework */ = {isa = PBXFileReference; lastKnownFileType = wrapper.framework; name = ECUnitTests.framework; path = "/Caches/DerivedData/ECCore-hiysxjmtcntpjqfceiihpzpvphke/Build/Products/Debug/ECUnitTests.framework"; sourceTree = "<absolute>"; };
		2260A3AC15DFEF4F0057C9DA /* Info.plist */ = {isa = PBXFileReference; lastKnownFileType = text.plist.xml; name = Info.plist; path = Resources/Info.plist; sourceTree = SOURCE_ROOT; };
		22728A66124A240500A9881F /* ECAppKitDebug.pch */ = {isa = PBXFileReference; fileEncoding = 4; lastKnownFileType = sourcecode.c.h; path = ECAppKitDebug.pch; sourceTree = "<group>"; };
		22728A67124A240500A9881F /* ECAppKitRelease.pch */ = {isa = PBXFileReference; fileEncoding = 4; lastKnownFileType = sourcecode.c.h; path = ECAppKitRelease.pch; sourceTree = "<group>"; };
		22728A68124A240500A9881F /* ECAppKitShared.pch */ = {isa = PBXFileReference; fileEncoding = 4; lastKnownFileType = sourcecode.c.h; path = ECAppKitShared.pch; sourceTree = "<group>"; };
		227333B811EBBA3000695FB4 /* GHUnit.framework */ = {isa = PBXFileReference; lastKnownFileType = wrapper.framework; name = GHUnit.framework; path = Library/Frameworks/GHUnit.framework; sourceTree = SDKROOT; };
		2283A3BB14F52E93009142F7 /* Cocoa.framework */ = {isa = PBXFileReference; lastKnownFileType = wrapper.framework; name = Cocoa.framework; path = System/Library/Frameworks/Cocoa.framework; sourceTree = SDKROOT; };
		2283A3BE14F52E93009142F7 /* AppKit.framework */ = {isa = PBXFileReference; lastKnownFileType = wrapper.framework; name = AppKit.framework; path = System/Library/Frameworks/AppKit.framework; sourceTree = SDKROOT; };
		2283A3BF14F52E93009142F7 /* CoreData.framework */ = {isa = PBXFileReference; lastKnownFileType = wrapper.framework; name = CoreData.framework; path = System/Library/Frameworks/CoreData.framework; sourceTree = SDKROOT; };
		2283A3C014F52E93009142F7 /* Foundation.framework */ = {isa = PBXFileReference; lastKnownFileType = wrapper.framework; name = Foundation.framework; path = System/Library/Frameworks/Foundation.framework; sourceTree = SDKROOT; };
		2283A3CD14F52E93009142F7 /* SenTestingKit.framework */ = {isa = PBXFileReference; lastKnownFileType = wrapper.framework; name = SenTestingKit.framework; path = Library/Frameworks/SenTestingKit.framework; sourceTree = DEVELOPER_DIR; };
		2283A3F514F52EC0009142F7 /* ECAppKitMacTests.octest */ = {isa = PBXFileReference; explicitFileType = wrapper.cfbundle; includeInIndex = 0; path = ECAppKitMacTests.octest; sourceTree = BUILT_PRODUCTS_DIR; };
		22BE50B8149662D0007CC214 /* CoreText.framework */ = {isa = PBXFileReference; lastKnownFileType = wrapper.framework; name = CoreText.framework; path = Platforms/iPhoneOS.platform/Developer/SDKs/iPhoneOS5.1.sdk/System/Library/Frameworks/CoreText.framework; sourceTree = DEVELOPER_DIR; };
		22BE51331496BD00007CC214 /* CoreData.framework */ = {isa = PBXFileReference; lastKnownFileType = wrapper.framework; name = CoreData.framework; path = Platforms/iPhoneOS.platform/Developer/SDKs/iPhoneOS5.1.sdk/System/Library/Frameworks/CoreData.framework; sourceTree = DEVELOPER_DIR; };
		22BE51351496BD25007CC214 /* QuartzCore.framework */ = {isa = PBXFileReference; lastKnownFileType = wrapper.framework; name = QuartzCore.framework; path = Platforms/iPhoneOS.platform/Developer/SDKs/iPhoneOS5.1.sdk/System/Library/Frameworks/QuartzCore.framework; sourceTree = DEVELOPER_DIR; };
		22C2DB5114FB98AA005D2E89 /* Security.framework */ = {isa = PBXFileReference; lastKnownFileType = wrapper.framework; name = Security.framework; path = System/Library/Frameworks/Security.framework; sourceTree = SDKROOT; };
		22C2DB5314FB98B5005D2E89 /* SecurityFoundation.framework */ = {isa = PBXFileReference; lastKnownFileType = wrapper.framework; name = SecurityFoundation.framework; path = System/Library/Frameworks/SecurityFoundation.framework; sourceTree = SDKROOT; };
		22C2DB5514FB98CB005D2E89 /* IOKit.framework */ = {isa = PBXFileReference; lastKnownFileType = wrapper.framework; name = IOKit.framework; path = System/Library/Frameworks/IOKit.framework; sourceTree = SDKROOT; };
		22C2DB5D14FB9ADC005D2E89 /* Test.bundle */ = {isa = PBXFileReference; lastKnownFileType = "wrapper.plug-in"; name = Test.bundle; path = ../ECUnitTests/Resources/Test.bundle; sourceTree = SOURCE_ROOT; };
		22C2DB6414FB9CC8005D2E89 /* Foundation.framework */ = {isa = PBXFileReference; lastKnownFileType = wrapper.framework; name = Foundation.framework; path = System/Library/Frameworks/Foundation.framework; sourceTree = SDKROOT; };
		22C2DB7314FB9CC8005D2E89 /* UIKit.framework */ = {isa = PBXFileReference; lastKnownFileType = wrapper.framework; name = UIKit.framework; path = Library/Frameworks/UIKit.framework; sourceTree = DEVELOPER_DIR; };
		22C2DBC014FB9EE1005D2E89 /* libECLoggingIOS.a */ = {isa = PBXFileReference; lastKnownFileType = archive.ar; name = libECLoggingIOS.a; path = "../ECLogging/build/Release-iphoneos/libECLoggingIOS.a"; sourceTree = "<group>"; };
		22C2DBC114FB9EE1005D2E89 /* libECUnitTestsIOS.a */ = {isa = PBXFileReference; lastKnownFileType = archive.ar; name = libECUnitTestsIOS.a; path = "../ECUnitTests/build/Release-iphoneos/libECUnitTestsIOS.a"; sourceTree = "<group>"; };
		22C2DBD614FB9F7D005D2E89 /* QuartzCore.framework */ = {isa = PBXFileReference; lastKnownFileType = wrapper.framework; name = QuartzCore.framework; path = Platforms/iPhoneOS.platform/Developer/SDKs/iPhoneOS5.0.sdk/System/Library/Frameworks/QuartzCore.framework; sourceTree = DEVELOPER_DIR; };
		22C2DBD814FB9F8A005D2E89 /* CoreGraphics.framework */ = {isa = PBXFileReference; lastKnownFileType = wrapper.framework; name = CoreGraphics.framework; path = Platforms/iPhoneOS.platform/Developer/SDKs/iPhoneOS5.0.sdk/System/Library/Frameworks/CoreGraphics.framework; sourceTree = DEVELOPER_DIR; };
		22D55C4D14FB8D640052EA01 /* libECLoggingMac.a */ = {isa = PBXFileReference; lastKnownFileType = archive.ar; name = libECLoggingMac.a; path = ../ECLogging/build/Release/libECLoggingMac.a; sourceTree = "<group>"; };
		22D55C4E14FB8D640052EA01 /* libECUnitTestsMac.a */ = {isa = PBXFileReference; lastKnownFileType = archive.ar; name = libECUnitTestsMac.a; path = ../ECUnitTests/build/Release/libECUnitTestsMac.a; sourceTree = "<group>"; };
		22E85D8415E42E7C00E67F50 /* libcrypto.dylib */ = {isa = PBXFileReference; lastKnownFileType = "compiled.mach-o.dylib"; name = libcrypto.dylib; path = Platforms/MacOSX.platform/Developer/SDKs/MacOSX10.8.sdk/usr/lib/libcrypto.dylib; sourceTree = DEVELOPER_DIR; };
		22E85D8615E42E8900E67F50 /* ECCore.framework */ = {isa = PBXFileReference; lastKnownFileType = wrapper.framework; name = ECCore.framework; path = "/Caches/DerivedData/timekeeper-cdbrayceoisycccsdfcpscnhxtzs/Build/Products/Debug/ECCore.framework"; sourceTree = "<absolute>"; };
		22E85D8815E42F6C00E67F50 /* ECAppKit.h */ = {isa = PBXFileReference; fileEncoding = 4; lastKnownFileType = sourcecode.c.h; path = ECAppKit.h; sourceTree = "<group>"; };
		22E85D9615E43BB400E67F50 /* en */ = {isa = PBXFileReference; lastKnownFileType = file.xib; name = en; path = en.lproj/ECAboutBox.xib; sourceTree = "<group>"; };
		22E85D9815E43BC200E67F50 /* finder support.scpt */ = {isa = PBXFileReference; lastKnownFileType = file; path = "finder support.scpt"; sourceTree = "<group>"; };
		22EC40A61358A0D1005C1F1A /* SystemConfiguration.framework */ = {isa = PBXFileReference; lastKnownFileType = wrapper.framework; name = SystemConfiguration.framework; path = SDKs/MacOSX10.6.sdk/System/Library/Frameworks/SystemConfiguration.framework; sourceTree = DEVELOPER_DIR; };
		22FAC46C132149E900103630 /* CoreLocation.framework */ = {isa = PBXFileReference; lastKnownFileType = wrapper.framework; name = CoreLocation.framework; path = SDKs/MacOSX10.6.sdk/System/Library/Frameworks/CoreLocation.framework; sourceTree = DEVELOPER_DIR; };
/* End PBXFileReference section */

/* Begin PBXFrameworksBuildPhase section */
		2260A2E515DFD7290057C9DA /* Frameworks */ = {
			isa = PBXFrameworksBuildPhase;
			buildActionMask = 2147483647;
			files = (
				22E85D8715E42E8900E67F50 /* ECCore.framework in Frameworks */,
				22E85D8515E42E7C00E67F50 /* libcrypto.dylib in Frameworks */,
				2260A39E15DFE2F00057C9DA /* IOKit.framework in Frameworks */,
				2260A39A15DFE2DD0057C9DA /* ECConfig.framework in Frameworks */,
				2260A39B15DFE2DD0057C9DA /* ECLogging.framework in Frameworks */,
				2260A39C15DFE2DD0057C9DA /* Security.framework in Frameworks */,
				2260A2EA15DFD7290057C9DA /* Cocoa.framework in Frameworks */,
			);
			runOnlyForDeploymentPostprocessing = 0;
		};
		2283A3F114F52EC0009142F7 /* Frameworks */ = {
			isa = PBXFrameworksBuildPhase;
			buildActionMask = 2147483647;
			files = (
				2260A3A415DFE6870057C9DA /* ECUnitTests.framework in Frameworks */,
				2260A3A015DFE6860057C9DA /* ECAppKit.framework in Frameworks */,
				2260A3A115DFE6860057C9DA /* ECConfig.framework in Frameworks */,
				2260A3A215DFE6860057C9DA /* ECLogging.framework in Frameworks */,
				22C2DB5714FB98D7005D2E89 /* Security.framework in Frameworks */,
				22C2DB5614FB98CB005D2E89 /* IOKit.framework in Frameworks */,
				2283A3F614F52EC0009142F7 /* SenTestingKit.framework in Frameworks */,
				2283A3F714F52EC0009142F7 /* Cocoa.framework in Frameworks */,
			);
			runOnlyForDeploymentPostprocessing = 0;
		};
/* End PBXFrameworksBuildPhase section */

/* Begin PBXGroup section */
		034768DFFF38A50411DB9C8B /* Products */ = {
			isa = PBXGroup;
			children = (
				2283A3F514F52EC0009142F7 /* ECAppKitMacTests.octest */,
				2260A2E915DFD7290057C9DA /* ECAppKit.framework */,
			);
			name = Products;
			sourceTree = "<group>";
		};
		0867D691FE84028FC02AAC07 /* ECFoundation */ = {
			isa = PBXGroup;
			children = (
				2260A30B15DFD8FB0057C9DA /* Source */,
				089C1665FE841158C02AAC07 /* Resources */,
				0867D69AFE84028FC02AAC07 /* Frameworks */,
				034768DFFF38A50411DB9C8B /* Products */,
			);
			name = ECFoundation;
			sourceTree = "<group>";
			usesTabs = 1;
		};
		0867D69AFE84028FC02AAC07 /* Frameworks */ = {
			isa = PBXGroup;
			children = (
				22E85D8615E42E8900E67F50 /* ECCore.framework */,
				22E85D8415E42E7C00E67F50 /* libcrypto.dylib */,
				2260A3A315DFE6860057C9DA /* ECUnitTests.framework */,
				2260A39D15DFE2F00057C9DA /* IOKit.framework */,
				2260A39715DFE2DC0057C9DA /* ECConfig.framework */,
				2260A39815DFE2DD0057C9DA /* ECLogging.framework */,
				2260A39915DFE2DD0057C9DA /* Security.framework */,
				22C2DBD814FB9F8A005D2E89 /* CoreGraphics.framework */,
				22C2DBD614FB9F7D005D2E89 /* QuartzCore.framework */,
				22C2DBC014FB9EE1005D2E89 /* libECLoggingIOS.a */,
				22C2DBC114FB9EE1005D2E89 /* libECUnitTestsIOS.a */,
				22C2DB5514FB98CB005D2E89 /* IOKit.framework */,
				22C2DB5314FB98B5005D2E89 /* SecurityFoundation.framework */,
				22C2DB5114FB98AA005D2E89 /* Security.framework */,
				22D55C4D14FB8D640052EA01 /* libECLoggingMac.a */,
				22D55C4E14FB8D640052EA01 /* libECUnitTestsMac.a */,
				223CBAE11205C5930008A641 /* iOS */,
				1058C7B0FEA5585E11CA2CBB /* MacOS */,
				1058C7B2FEA5585E11CA2CBB /* Testing */,
				2283A3BB14F52E93009142F7 /* Cocoa.framework */,
				2283A3CD14F52E93009142F7 /* SenTestingKit.framework */,
				22C2DB6414FB9CC8005D2E89 /* Foundation.framework */,
				22C2DB7314FB9CC8005D2E89 /* UIKit.framework */,
				2260A2FE15DFD7320057C9DA /* CoreFoundation.framework */,
				2283A3BD14F52E93009142F7 /* Other Frameworks */,
			);
			name = Frameworks;
			sourceTree = "<group>";
		};
		089C1665FE841158C02AAC07 /* Resources */ = {
			isa = PBXGroup;
			children = (
				2260A3AC15DFEF4F0057C9DA /* Info.plist */,
				22E85D9815E43BC200E67F50 /* finder support.scpt */,
				22E85D9515E43BB400E67F50 /* ECAboutBox.xib */,
				223CBAFB1205C7680008A641 /* tests */,
			);
			path = Resources;
			sourceTree = "<group>";
		};
		1058C7B0FEA5585E11CA2CBB /* MacOS */ = {
			isa = PBXGroup;
			children = (
				2260223A141F8A4E0044644C /* libcrypto.dylib */,
				22602238141F8A460044644C /* Security.framework */,
				22602236141F8A230044644C /* IOKit.framework */,
				22602234141F8A160044644C /* Carbon.framework */,
				2229674F1354EDC5005F42E7 /* CoreFoundation.framework */,
				22EC40A61358A0D1005C1F1A /* SystemConfiguration.framework */,
				22552C12134BA18A00B8894E /* CoreLocation.framework */,
				22FAC46C132149E900103630 /* CoreLocation.framework */,
				0867D69BFE84028FC02AAC07 /* Foundation.framework */,
				1058C7B1FEA5585E11CA2CBB /* Cocoa.framework */,
			);
			name = MacOS;
			sourceTree = "<group>";
		};
		1058C7B2FEA5585E11CA2CBB /* Testing */ = {
			isa = PBXGroup;
			children = (
				227333B811EBBA3000695FB4 /* GHUnit.framework */,
			);
			name = Testing;
			sourceTree = "<group>";
		};
		2210B5D41152E630006C6CCA /* Configuration */ = {
			isa = PBXGroup;
			children = (
				2260A31015DFD96D0057C9DA /* MacDebug.xcconfig */,
				2260A31115DFD96D0057C9DA /* MacRelease.xcconfig */,
				2260A31215DFD96D0057C9DA /* MacUnitTestDebug.xcconfig */,
				2260A31315DFD96D0057C9DA /* MacUnitTestRelease.xcconfig */,
				2260A39615DFDC600057C9DA /* Shared.xcconfig */,
				2227BD1E15E4EF9F001DCE0D /* ECPreferencePane.xcconfig */,
			);
			path = Configuration;
			sourceTree = "<group>";
		};
		223CBAE11205C5930008A641 /* iOS */ = {
			isa = PBXGroup;
			children = (
				22BE51351496BD25007CC214 /* QuartzCore.framework */,
				22BE51331496BD00007CC214 /* CoreData.framework */,
				22BE50B8149662D0007CC214 /* CoreText.framework */,
				22552BC7134B9E5300B8894E /* UIKit.framework */,
				22552BC9134B9E5300B8894E /* Foundation.framework */,
				22552BCB134B9E5300B8894E /* CoreGraphics.framework */,
				22552BE6134BA0C900B8894E /* CoreLocation.framework */,
				223CBAE61205C6380008A641 /* Foundation.framework */,
			);
			name = iOS;
			sourceTree = "<group>";
		};
		223CBAFB1205C7680008A641 /* tests */ = {
			isa = PBXGroup;
			children = (
				221662E914FB9315009B975D /* ECCoreTests.plist */,
				22C2DB5D14FB9ADC005D2E89 /* Test.bundle */,
			);
			name = tests;
			path = resources/tests;
			sourceTree = "<group>";
		};
		2260A30B15DFD8FB0057C9DA /* Source */ = {
			isa = PBXGroup;
			children = (
				2210B5D41152E630006C6CCA /* Configuration */,
				22CA557F13DA09FF007E89E2 /* Mac */,
				22728A64124A240500A9881F /* Prefix */,
			);
			path = Source;
			sourceTree = "<group>";
		};
		22728A64124A240500A9881F /* Prefix */ = {
			isa = PBXGroup;
			children = (
				22728A66124A240500A9881F /* ECAppKitDebug.pch */,
				22728A67124A240500A9881F /* ECAppKitRelease.pch */,
				22728A68124A240500A9881F /* ECAppKitShared.pch */,
			);
			path = Prefix;
			sourceTree = "<group>";
		};
		2283A3BD14F52E93009142F7 /* Other Frameworks */ = {
			isa = PBXGroup;
			children = (
				2283A3BE14F52E93009142F7 /* AppKit.framework */,
				2283A3BF14F52E93009142F7 /* CoreData.framework */,
				2283A3C014F52E93009142F7 /* Foundation.framework */,
			);
			name = "Other Frameworks";
			sourceTree = "<group>";
		};
		22CA557F13DA09FF007E89E2 /* Mac */ = {
			isa = PBXGroup;
			children = (
				22E85D8815E42F6C00E67F50 /* ECAppKit.h */,
				2204C7BD15E282BB00F71E15 /* ECAboutBoxController.h */,
				2204C7BE15E282BB00F71E15 /* ECAboutBoxController.m */,
				2204C7BF15E282BB00F71E15 /* ECAboutBoxInfoProvider.h */,
				2204C7C015E282BB00F71E15 /* ECAppDelegate.h */,
				2204C7C115E282BB00F71E15 /* ECAppDelegate.m */,
				2204C7C215E282BB00F71E15 /* ECAquaticPrime.h */,
				2204C7C315E282BB00F71E15 /* ECAquaticPrime.m */,
				2204C7C415E282BB00F71E15 /* ECCompletionTextView.h */,
				2204C7C515E282BB00F71E15 /* ECCompletionTextView.m */,
				2204C7C615E282BB00F71E15 /* ECCompoundLicenseChecker.h */,
				2204C7C715E282BB00F71E15 /* ECCompoundLicenseChecker.m */,
				2204C7C815E282BB00F71E15 /* ECDebugMenu.h */,
				2204C7C915E282BB00F71E15 /* ECDebugMenu.m */,
				2204C7CA15E282BB00F71E15 /* ECDraggableArrayController.h */,
				2204C7CB15E282BB00F71E15 /* ECDraggableArrayController.m */,
				2204C7CC15E282BB00F71E15 /* ECDraggableFileArrayController.h */,
				2204C7CD15E282BB00F71E15 /* ECDraggableFileArrayController.m */,
				2204C7CE15E282BB00F71E15 /* ECFilledView.h */,
				2204C7CF15E282BB00F71E15 /* ECFilledView.m */,
				2204C7D015E282BB00F71E15 /* ECGradientTextView.h */,
				2204C7D115E282BB00F71E15 /* ECGradientTextView.m */,
				2204C7D215E282BB00F71E15 /* ECIsEmptyTransformer.h */,
				2204C7D315E282BB00F71E15 /* ECIsEmptyTransformer.m */,
				2204C7D415E282BB00F71E15 /* ECIsNotEmptyTransformer.h */,
				2204C7D515E282BB00F71E15 /* ECIsNotEmptyTransformer.m */,
				2204C7D615E282BB00F71E15 /* ECIsValueTransformer.h */,
				2204C7D715E282BB00F71E15 /* ECIsValueTransformer.m */,
				2204C7D815E282BB00F71E15 /* ECLegalFilenameFormatter.h */,
				2204C7D915E282BB00F71E15 /* ECLegalFilenameFormatter.m */,
				2204C7DA15E282BB00F71E15 /* ECLicenseChecker.h */,
				2204C7DB15E282BB00F71E15 /* ECLicenseChecker.m */,
				2204C7DC15E282BB00F71E15 /* ECMacStore.h */,
				2204C7DD15E282BB00F71E15 /* ECMacStore.m */,
				2204C7DE15E282BB00F71E15 /* ECMacStoreDifferentVersion.h */,
				2204C7DF15E282BB00F71E15 /* ECMacStoreDifferentVersion.m */,
				2204C7E015E282BB00F71E15 /* ECMacStoreExact.h */,
				2204C7E115E282BB00F71E15 /* ECMacStoreExact.m */,
				2204C7E215E282BB00F71E15 /* ECMacStoreReceipt.h */,
				2204C7E315E282BB00F71E15 /* ECMacStoreReceipt.m */,
				2204C7E415E282BB00F71E15 /* ECMacStoreSaved.h */,
				2204C7E515E282BB00F71E15 /* ECMacStoreSaved.m */,
				2204C7E615E282BB00F71E15 /* ECMacStoreTest.h */,
				2204C7E715E282BB00F71E15 /* ECMacStoreTest.m */,
				2204C7E815E282BB00F71E15 /* ECPreferencePanel.h */,
				2204C7E915E282BB00F71E15 /* ECPreferencePanel.m */,
				2204C7EA15E282BB00F71E15 /* ECPreferencePaneProtocol.h */,
				2204C7EB15E282BB00F71E15 /* ECPreferencesController.h */,
				2204C7EC15E282BB00F71E15 /* ECPreferencesController.m */,
				2204C7ED15E282BB00F71E15 /* ECRoundedImageCell.h */,
				2204C7EE15E282BB00F71E15 /* ECRoundedImageCell.m */,
				2204C7EF15E282BB00F71E15 /* ECRoundedView.h */,
				2204C7F015E282BB00F71E15 /* ECRoundedView.m */,
				2204C7F115E282BB00F71E15 /* ECSparklePreferenceController.h */,
				2204C7F215E282BB00F71E15 /* ECSparklePreferenceController.m */,
				2204C7F315E282BB00F71E15 /* ECTextFieldCell.h */,
				2204C7F415E282BB00F71E15 /* ECTextFieldCell.m */,
				2204C7F515E282BB00F71E15 /* ECTransparentWindow.h */,
				2204C7F615E282BB00F71E15 /* ECTransparentWindow.m */,
				2204C7F715E282BB00F71E15 /* ECWhiteBorderButtonCell.h */,
				2204C7F815E282BB00F71E15 /* ECWhiteBorderButtonCell.m */,
			);
			path = Mac;
			sourceTree = "<group>";
		};
/* End PBXGroup section */

/* Begin PBXHeadersBuildPhase section */
		2260A2E615DFD7290057C9DA /* Headers */ = {
			isa = PBXHeadersBuildPhase;
			buildActionMask = 2147483647;
			files = (
				2204C7F915E282BB00F71E15 /* ECAboutBoxController.h in Headers */,
				2204C7FB15E282BB00F71E15 /* ECAboutBoxInfoProvider.h in Headers */,
				2204C7FC15E282BB00F71E15 /* ECAppDelegate.h in Headers */,
				2204C80015E282BB00F71E15 /* ECCompletionTextView.h in Headers */,
				2204C80215E282BB00F71E15 /* ECCompoundLicenseChecker.h in Headers */,
				2204C80615E282BB00F71E15 /* ECDraggableArrayController.h in Headers */,
				2204C80815E282BB00F71E15 /* ECDraggableFileArrayController.h in Headers */,
				2204C80A15E282BB00F71E15 /* ECFilledView.h in Headers */,
				2204C80C15E282BB00F71E15 /* ECGradientTextView.h in Headers */,
				2204C80E15E282BB00F71E15 /* ECIsEmptyTransformer.h in Headers */,
				2204C81015E282BB00F71E15 /* ECIsNotEmptyTransformer.h in Headers */,
				2204C81215E282BB00F71E15 /* ECIsValueTransformer.h in Headers */,
				2204C81415E282BB00F71E15 /* ECLegalFilenameFormatter.h in Headers */,
				2204C81615E282BB00F71E15 /* ECLicenseChecker.h in Headers */,
				2204C81815E282BB00F71E15 /* ECMacStore.h in Headers */,
				2204C81A15E282BB00F71E15 /* ECMacStoreDifferentVersion.h in Headers */,
				2204C81C15E282BB00F71E15 /* ECMacStoreExact.h in Headers */,
				2204C81E15E282BB00F71E15 /* ECMacStoreReceipt.h in Headers */,
				2204C82015E282BB00F71E15 /* ECMacStoreSaved.h in Headers */,
				2204C82215E282BB00F71E15 /* ECMacStoreTest.h in Headers */,
				2204C82415E282BB00F71E15 /* ECPreferencePanel.h in Headers */,
				2204C82615E282BB00F71E15 /* ECPreferencePaneProtocol.h in Headers */,
				2204C82715E282BB00F71E15 /* ECPreferencesController.h in Headers */,
				2204C82915E282BB00F71E15 /* ECRoundedImageCell.h in Headers */,
				2204C82B15E282BB00F71E15 /* ECRoundedView.h in Headers */,
				2204C82D15E282BB00F71E15 /* ECSparklePreferenceController.h in Headers */,
				2204C82F15E282BB00F71E15 /* ECTextFieldCell.h in Headers */,
				2204C83115E282BB00F71E15 /* ECTransparentWindow.h in Headers */,
				2204C83315E282BB00F71E15 /* ECWhiteBorderButtonCell.h in Headers */,
				22E85D8915E42F6D00E67F50 /* ECAppKit.h in Headers */,
			);
			runOnlyForDeploymentPostprocessing = 0;
		};
/* End PBXHeadersBuildPhase section */

/* Begin PBXNativeTarget section */
		2260A2E815DFD7290057C9DA /* ECAppKitMac */ = {
			isa = PBXNativeTarget;
			buildConfigurationList = 2260A2F515DFD7290057C9DA /* Build configuration list for PBXNativeTarget "ECAppKitMac" */;
			buildPhases = (
				2260A2E415DFD7290057C9DA /* Sources */,
				2260A2E515DFD7290057C9DA /* Frameworks */,
				2260A2E615DFD7290057C9DA /* Headers */,
				2260A2E715DFD7290057C9DA /* Resources */,
			);
			buildRules = (
			);
			dependencies = (
			);
			name = ECAppKitMac;
			productName = MacFramework;
			productReference = 2260A2E915DFD7290057C9DA /* ECAppKit.framework */;
			productType = "com.apple.product-type.framework";
		};
		2283A3F414F52EC0009142F7 /* ECAppKitMacTests */ = {
			isa = PBXNativeTarget;
			buildConfigurationList = 2283A40814F52EC0009142F7 /* Build configuration list for PBXNativeTarget "ECAppKitMacTests" */;
			buildPhases = (
				2283A3F014F52EC0009142F7 /* Sources */,
				2283A3F114F52EC0009142F7 /* Frameworks */,
				2283A3F214F52EC0009142F7 /* Resources */,
				2283A3F314F52EC0009142F7 /* ShellScript */,
			);
			buildRules = (
			);
			dependencies = (
				2260A3C415DFF7370057C9DA /* PBXTargetDependency */,
			);
			name = ECAppKitMacTests;
			productName = libECCoreMacTests;
			productReference = 2283A3F514F52EC0009142F7 /* ECAppKitMacTests.octest */;
			productType = "com.apple.product-type.bundle";
		};
/* End PBXNativeTarget section */

/* Begin PBXProject section */
		0867D690FE84028FC02AAC07 /* Project object */ = {
			isa = PBXProject;
			attributes = {
				LastUpgradeCheck = 0440;
				ORGANIZATIONNAME = "Elegant Chaos";
			};
			buildConfigurationList = 1DEB91B108733DA50010E9CD /* Build configuration list for PBXProject "ECAppKit" */;
			compatibilityVersion = "Xcode 3.2";
			developmentRegion = English;
			hasScannedForEncodings = 1;
			knownRegions = (
				English,
				Japanese,
				French,
				German,
				en,
				ec,
			);
			mainGroup = 0867D691FE84028FC02AAC07 /* ECFoundation */;
			productRefGroup = 034768DFFF38A50411DB9C8B /* Products */;
			projectDirPath = "";
			projectRoot = "";
			targets = (
				2260A2E815DFD7290057C9DA /* ECAppKitMac */,
				2283A3F414F52EC0009142F7 /* ECAppKitMacTests */,
			);
		};
/* End PBXProject section */

/* Begin PBXResourcesBuildPhase section */
		2260A2E715DFD7290057C9DA /* Resources */ = {
			isa = PBXResourcesBuildPhase;
			buildActionMask = 2147483647;
			files = (
				22E85D9715E43BB400E67F50 /* ECAboutBox.xib in Resources */,
				22E85D9915E43BC200E67F50 /* finder support.scpt in Resources */,
				2227BD1F15E4EF9F001DCE0D /* ECPreferencePane.xcconfig in Resources */,
			);
			runOnlyForDeploymentPostprocessing = 0;
		};
		2283A3F214F52EC0009142F7 /* Resources */ = {
			isa = PBXResourcesBuildPhase;
			buildActionMask = 2147483647;
			files = (
				22C2DB5E14FB9ADC005D2E89 /* Test.bundle in Resources */,
			);
			runOnlyForDeploymentPostprocessing = 0;
		};
/* End PBXResourcesBuildPhase section */

/* Begin PBXShellScriptBuildPhase section */
		2283A3F314F52EC0009142F7 /* ShellScript */ = {
			isa = PBXShellScriptBuildPhase;
			buildActionMask = 2147483647;
			files = (
			);
			inputPaths = (
			);
			outputPaths = (
			);
			runOnlyForDeploymentPostprocessing = 0;
			shellPath = /bin/sh;
			shellScript = "# Run the unit tests in this test bundle.\n\"${SYSTEM_DEVELOPER_DIR}/Tools/RunUnitTests\"\n";
		};
/* End PBXShellScriptBuildPhase section */

/* Begin PBXSourcesBuildPhase section */
		2260A2E415DFD7290057C9DA /* Sources */ = {
			isa = PBXSourcesBuildPhase;
			buildActionMask = 2147483647;
			files = (
				2204C7FA15E282BB00F71E15 /* ECAboutBoxController.m in Sources */,
				2204C7FD15E282BB00F71E15 /* ECAppDelegate.m in Sources */,
				2204C80115E282BB00F71E15 /* ECCompletionTextView.m in Sources */,
				2204C80315E282BB00F71E15 /* ECCompoundLicenseChecker.m in Sources */,
				2204C80715E282BB00F71E15 /* ECDraggableArrayController.m in Sources */,
				2204C80915E282BB00F71E15 /* ECDraggableFileArrayController.m in Sources */,
				2204C80B15E282BB00F71E15 /* ECFilledView.m in Sources */,
				2204C80D15E282BB00F71E15 /* ECGradientTextView.m in Sources */,
				2204C80F15E282BB00F71E15 /* ECIsEmptyTransformer.m in Sources */,
				2204C81115E282BB00F71E15 /* ECIsNotEmptyTransformer.m in Sources */,
				2204C81315E282BB00F71E15 /* ECIsValueTransformer.m in Sources */,
				2204C81515E282BB00F71E15 /* ECLegalFilenameFormatter.m in Sources */,
				2204C81715E282BB00F71E15 /* ECLicenseChecker.m in Sources */,
				2204C81915E282BB00F71E15 /* ECMacStore.m in Sources */,
				2204C81B15E282BB00F71E15 /* ECMacStoreDifferentVersion.m in Sources */,
				2204C81D15E282BB00F71E15 /* ECMacStoreExact.m in Sources */,
				2204C81F15E282BB00F71E15 /* ECMacStoreReceipt.m in Sources */,
				2204C82115E282BB00F71E15 /* ECMacStoreSaved.m in Sources */,
				2204C82315E282BB00F71E15 /* ECMacStoreTest.m in Sources */,
				2204C82515E282BB00F71E15 /* ECPreferencePanel.m in Sources */,
				2204C82815E282BB00F71E15 /* ECPreferencesController.m in Sources */,
				2204C82A15E282BB00F71E15 /* ECRoundedImageCell.m in Sources */,
				2204C82C15E282BB00F71E15 /* ECRoundedView.m in Sources */,
				2204C82E15E282BB00F71E15 /* ECSparklePreferenceController.m in Sources */,
				2204C83015E282BB00F71E15 /* ECTextFieldCell.m in Sources */,
				2204C83215E282BB00F71E15 /* ECTransparentWindow.m in Sources */,
				2204C83415E282BB00F71E15 /* ECWhiteBorderButtonCell.m in Sources */,
			);
			runOnlyForDeploymentPostprocessing = 0;
		};
		2283A3F014F52EC0009142F7 /* Sources */ = {
			isa = PBXSourcesBuildPhase;
			buildActionMask = 2147483647;
			files = (
			);
			runOnlyForDeploymentPostprocessing = 0;
		};
/* End PBXSourcesBuildPhase section */

/* Begin PBXTargetDependency section */
		2260A3C415DFF7370057C9DA /* PBXTargetDependency */ = {
			isa = PBXTargetDependency;
			target = 2260A2E815DFD7290057C9DA /* ECAppKitMac */;
			targetProxy = 2260A3C315DFF7370057C9DA /* PBXContainerItemProxy */;
		};
/* End PBXTargetDependency section */

/* Begin PBXVariantGroup section */
		22E85D9515E43BB400E67F50 /* ECAboutBox.xib */ = {
			isa = PBXVariantGroup;
			children = (
				22E85D9615E43BB400E67F50 /* en */,
			);
			name = ECAboutBox.xib;
			sourceTree = "<group>";
		};
/* End PBXVariantGroup section */

/* Begin XCBuildConfiguration section */
		1DEB91B208733DA50010E9CD /* Debug */ = {
			isa = XCBuildConfiguration;
			buildSettings = {
			};
			name = Debug;
		};
		1DEB91B308733DA50010E9CD /* Release */ = {
			isa = XCBuildConfiguration;
			buildSettings = {
			};
			name = Release;
		};
		2260A2F615DFD7290057C9DA /* Debug */ = {
			isa = XCBuildConfiguration;
			baseConfigurationReference = 2260A31015DFD96D0057C9DA /* MacDebug.xcconfig */;
			buildSettings = {
				FRAMEWORK_SEARCH_PATHS = (
					"$(inherited)",
					"\"/Caches/DerivedData/timekeeper-cdbrayceoisycccsdfcpscnhxtzs/Build/Products/Debug\"",
				);
				GCC_PREFIX_HEADER = "Source/Prefix/$(PRODUCT_NAME)$(CONFIGURATION).pch";
			};
			name = Debug;
		};
		2260A2F715DFD7290057C9DA /* Release */ = {
			isa = XCBuildConfiguration;
			baseConfigurationReference = 2260A31115DFD96D0057C9DA /* MacRelease.xcconfig */;
			buildSettings = {
				FRAMEWORK_SEARCH_PATHS = (
					"$(inherited)",
					"\"/Caches/DerivedData/timekeeper-cdbrayceoisycccsdfcpscnhxtzs/Build/Products/Debug\"",
				);
				GCC_PREFIX_HEADER = "Source/Prefix/$(PRODUCT_NAME)$(CONFIGURATION).pch";
			};
			name = Release;
		};
		2283A40914F52EC0009142F7 /* Debug */ = {
			isa = XCBuildConfiguration;
			baseConfigurationReference = 2260A31215DFD96D0057C9DA /* MacUnitTestDebug.xcconfig */;
			buildSettings = {
				OTHER_LDFLAGS = (
					"-all_load",
					"-ObjC",
				);
			};
			name = Debug;
		};
		2283A40A14F52EC0009142F7 /* Release */ = {
			isa = XCBuildConfiguration;
			baseConfigurationReference = 2260A31315DFD96D0057C9DA /* MacUnitTestRelease.xcconfig */;
			buildSettings = {
				OTHER_LDFLAGS = (
					"-all_load",
					"-ObjC",
				);
			};
			name = Release;
		};
/* End XCBuildConfiguration section */

/* Begin XCConfigurationList section */
		1DEB91B108733DA50010E9CD /* Build configuration list for PBXProject "ECAppKit" */ = {
			isa = XCConfigurationList;
			buildConfigurations = (
				1DEB91B208733DA50010E9CD /* Debug */,
				1DEB91B308733DA50010E9CD /* Release */,
			);
			defaultConfigurationIsVisible = 0;
			defaultConfigurationName = Release;
		};
		2260A2F515DFD7290057C9DA /* Build configuration list for PBXNativeTarget "ECAppKitMac" */ = {
			isa = XCConfigurationList;
			buildConfigurations = (
				2260A2F615DFD7290057C9DA /* Debug */,
				2260A2F715DFD7290057C9DA /* Release */,
			);
			defaultConfigurationIsVisible = 0;
			defaultConfigurationName = Release;
		};
		2283A40814F52EC0009142F7 /* Build configuration list for PBXNativeTarget "ECAppKitMacTests" */ = {
			isa = XCConfigurationList;
			buildConfigurations = (
				2283A40914F52EC0009142F7 /* Debug */,
				2283A40A14F52EC0009142F7 /* Release */,
			);
			defaultConfigurationIsVisible = 0;
			defaultConfigurationName = Release;
		};
/* End XCConfigurationList section */
	};
	rootObject = 0867D690FE84028FC02AAC07 /* Project object */;
}
